PODS:
  - Hyperconnectivity (1.1.1)
  - OHHTTPStubs/Core (9.1.0)
  - OHHTTPStubs/Default (9.1.0):
    - OHHTTPStubs/Core
    - OHHTTPStubs/JSON
    - OHHTTPStubs/NSURLSession
    - OHHTTPStubs/OHPathHelpers
  - OHHTTPStubs/JSON (9.1.0):
    - OHHTTPStubs/Core
  - OHHTTPStubs/NSURLSession (9.1.0):
    - OHHTTPStubs/Core
  - OHHTTPStubs/OHPathHelpers (9.1.0)
  - OHHTTPStubs/Swift (9.1.0):
    - OHHTTPStubs/Default

DEPENDENCIES:
  - Hyperconnectivity (from `../`)
  - OHHTTPStubs/Swift

SPEC REPOS:
  trunk:
    - OHHTTPStubs

EXTERNAL SOURCES:
  Hyperconnectivity:
    :path: "../"

SPEC CHECKSUMS:
  Hyperconnectivity: 8217ab645a07bd808623bc6363ca47e792415901
  OHHTTPStubs: 90eac6d8f2c18317baeca36698523dc67c513831

PODFILE CHECKSUM: c0022d9b2bf93345388e8d49b7dbb6ff97498bc5

COCOAPODS: 1.11.3
